Microsoft Visual Studio Solution File, Format Version 11.00
# Visual Studio 2008

Project("{97BE315F-FB2B-0070-25DD-9EA88A071EEF}") = "hangman", "Assembly-CSharp.csproj", "{530C58C2-D886-FB23-C44D-6430F5AD96BE}"
EndProject
Global
	GlobalSection(SolutionConfigurationPlatforms) = preSolution
		Debug|Any CPU = Debug|Any CPU
		Release|Any CPU = Release|Any CPU
	EndGlobalSection
	GlobalSection(ProjectConfigurationPlatforms) = postSolution
		{530C58C2-D886-FB23-C44D-6430F5AD96BE}.Debug|Any CPU.ActiveCfg = Debug|Any CPU
		{530C58C2-D886-FB23-C44D-6430F5AD96BE}.Debug|Any CPU.Build.0 = Debug|Any CPU
		{530C58C2-D886-FB23-C44D-6430F5AD96BE}.Release|Any CPU.ActiveCfg = Release|Any CPU
		{530C58C2-D886-FB23-C44D-6430F5AD96BE}.Release|Any CPU.Build.0 = Release|Any CPU
	EndGlobalSection
	GlobalSection(SolutionProperties) = preSolution
		HideSolutionNode = FALSE
	EndGlobalSection
	GlobalSection(MonoDevelopProperties) = preSolution
		StartupItem = Assembly-CSharp.csproj
	EndGlobalSection
EndGlobal
